
Microsoft Visual Studio Solution File, Format Version 12.00
# Visual Studio Version 17
VisualStudioVersion = 17.7.34202.233
MinimumVisualStudioVersion = 10.0.40219.1
Project("{FAE04EC0-301F-11D3-BF4B-00C04F79EFBC}") = "FunctionApp1", "FunctionApp1.csproj", "{B5F14303-CACE-4EE1-B27F-6D1A5B3017AF}"
EndProject
Global
	GlobalSection(SolutionConfigurationPlatforms) = preSolution
		Debug|Any CPU = Debug|Any CPU
		Release|Any CPU = Release|Any CPU
	EndGlobalSection
	GlobalSection(ProjectConfigurationPlatforms) = postSolution
		{B5F14303-CACE-4EE1-B27F-6D1A5B3017AF}.Debug|Any CPU.ActiveCfg = Debug|Any CPU
		{B5F14303-CACE-4EE1-B27F-6D1A5B3017AF}.Debug|Any CPU.Build.0 = Debug|Any CPU
		{B5F14303-CACE-4EE1-B27F-6D1A5B3017AF}.Release|Any CPU.ActiveCfg = Release|Any CPU
		{B5F14303-CACE-4EE1-B27F-6D1A5B3017AF}.Release|Any CPU.Build.0 = Release|Any CPU
	EndGlobalSection
	GlobalSection(SolutionProperties) = preSolution
		HideSolutionNode = FALSE
	EndGlobalSection
	GlobalSection(ExtensibilityGlobals) = postSolution
		SolutionGuid = {91D8D49F-C4C7-49BB-A02B-22024732B9D7}
	EndGlobalSection
EndGlobal
